
Microsoft Visual Studio Solution File, Format Version 12.00
# Visual Studio Version 16
VisualStudioVersion = 16.0.31313.79
MinimumVisualStudioVersion = 10.0.40219.1
Project("{9A19103F-16F7-4668-BE54-9A1E7A4F7556}") = "Server", "ClientProject\Server.csproj", "{082B9876-CB0B-4C1C-B8D5-CC4B4BFC30BB}"
EndProject
Project("{FAE04EC0-301F-11D3-BF4B-00C04F79EFBC}") = "ClientProj", "ClientProj\ClientProj.csproj", "{D8C322F3-2018-47A5-AFCB-F920F8B70E29}"
EndProject
Global
	GlobalSection(SolutionConfigurationPlatforms) = preSolution
		Debug|Any CPU = Debug|Any CPU
		Release|Any CPU = Release|Any CPU
	EndGlobalSection
	GlobalSection(ProjectConfigurationPlatforms) = postSolution
		{082B9876-CB0B-4C1C-B8D5-CC4B4BFC30BB}.Debug|Any CPU.ActiveCfg = Debug|Any CPU
		{082B9876-CB0B-4C1C-B8D5-CC4B4BFC30BB}.Debug|Any CPU.Build.0 = Debug|Any CPU
		{082B9876-CB0B-4C1C-B8D5-CC4B4BFC30BB}.Release|Any CPU.ActiveCfg = Release|Any CPU
		{082B9876-CB0B-4C1C-B8D5-CC4B4BFC30BB}.Release|Any CPU.Build.0 = Release|Any CPU
		{D8C322F3-2018-47A5-AFCB-F920F8B70E29}.Debug|Any CPU.ActiveCfg = Debug|Any CPU
		{D8C322F3-2018-47A5-AFCB-F920F8B70E29}.Debug|Any CPU.Build.0 = Debug|Any CPU
		{D8C322F3-2018-47A5-AFCB-F920F8B70E29}.Release|Any CPU.ActiveCfg = Release|Any CPU
		{D8C322F3-2018-47A5-AFCB-F920F8B70E29}.Release|Any CPU.Build.0 = Release|Any CPU
	EndGlobalSection
	GlobalSection(SolutionProperties) = preSolution
		HideSolutionNode = FALSE
	EndGlobalSection
	GlobalSection(ExtensibilityGlobals) = postSolution
		SolutionGuid = {4C45BD85-458E-4A4F-8237-0D2E969EFCC4}
	EndGlobalSection
EndGlobal
